
Microsoft Visual Studio Solution File, Format Version 12.00
# Visual Studio 15
VisualStudioVersion = 15.0.28010.2050
MinimumVisualStudioVersion = 10.0.40219.1
Project("{FAE04EC0-301F-11D3-BF4B-00C04F79EFBC}") = "bhushank24", "bhushank24\bhushank24.csproj", "{E9B8482B-4BCC-4ABC-A8E8-F6B3A1CA27A2}"
EndProject
Global
	GlobalSection(SolutionConfigurationPlatforms) = preSolution
		Debug|Any CPU = Debug|Any CPU
		Release|Any CPU = Release|Any CPU
	EndGlobalSection
	GlobalSection(ProjectConfigurationPlatforms) = postSolution
		{E9B8482B-4BCC-4ABC-A8E8-F6B3A1CA27A2}.Debug|Any CPU.ActiveCfg = Debug|Any CPU
		{E9B8482B-4BCC-4ABC-A8E8-F6B3A1CA27A2}.Debug|Any CPU.Build.0 = Debug|Any CPU
		{E9B8482B-4BCC-4ABC-A8E8-F6B3A1CA27A2}.Release|Any CPU.ActiveCfg = Release|Any CPU
		{E9B8482B-4BCC-4ABC-A8E8-F6B3A1CA27A2}.Release|Any CPU.Build.0 = Release|Any CPU
	EndGlobalSection
	GlobalSection(SolutionProperties) = preSolution
		HideSolutionNode = FALSE
	EndGlobalSection
	GlobalSection(ExtensibilityGlobals) = postSolution
		SolutionGuid = {9F4E48C6-FB5A-493D-81BF-9481697FC1B0}
	EndGlobalSection
EndGlobal
